<?xml version="1.0" encoding="utf-8"?>
<Project ToolsVersion="4.0" xmlns="http://schemas.microsoft.com/developer/msbuild/2003">
  <ItemGroup>
    <Filter Include="Quelldateien">
      <UniqueIdentifier>{f1a1a6f9-6a1b-4c1b-a864-be470d9033f8}</UniqueIdentifier>
    </Filter>
    <Filter Include="Headerdateien">
      <UniqueIdentifier>{e180ccbb-5d33-4d43-a9a9-3fce847ae7f8}</UniqueIdentifier>
    </Filter>
    <Filter Include="Quelldateien\bcrypt">
      <UniqueIdentifier>{ca5aa8ad-6390-43b5-a7d8-58273486cf83}</UniqueIdentifier>
    </Filter>
    <Filter Include="Quelldateien\keccak">
      <UniqueIdentifier>{858dc77f-e9f8-4579-b830-3c7586e06c34}</UniqueIdentifier>
    </Filter>
    <Filter Include="Quelldateien\scrypt">
      <UniqueIdentifier>{8d124fdf-42af-4a03-9b62-8d9728ee924d}</UniqueIdentifier>
    </Filter>
    <Filter Include="Quelldateien\tinyxml2">
      <UniqueIdentifier>{9700eca5-343a-4214-8256-d92af02719a5}</UniqueIdentifier>
    </Filter>
    <Filter Include="Headerdateien\bcrypt">
      <UniqueIdentifier>{7d2c40ea-2c00-44e8-9e4f-5a05f29fc781}</UniqueIdentifier>
    </Filter>
    <Filter Include="Headerdateien\cli11">
      <UniqueIdentifier>{14d73eab-3e99-4741-bec0-25309ea26490}</UniqueIdentifier>
    </Filter>
    <Filter Include="Headerdateien\keccak">
      <UniqueIdentifier>{540f66a6-9b04-4274-b741-062e670fd4de}</UniqueIdentifier>
    </Filter>
    <Filter Include="Headerdateien\scrypt">
      <UniqueIdentifier>{eb5641f8-31e9-45c0-81a8-1c601d0d3a02}</UniqueIdentifier>
    </Filter>
    <Filter Include="Headerdateien\tinyxml2">
      <UniqueIdentifier>{2ce2c40d-af64-4e52-996b-0ac7e0487d43}</UniqueIdentifier>
    </Filter>
    <Filter Include="cryptopp">
      <UniqueIdentifier>{9f993e48-44a0-46f3-9d98-ae1ef3b623d4}</UniqueIdentifier>
    </Filter>
  </ItemGroup>
  <ItemGroup>
    <None Include="..\..\src\cryptopp\rdrand.asm">
      <Filter>cryptopp</Filter>
    </None>
    <None Include="..\..\src\cryptopp\rdrand.S">
      <Filter>cryptopp</Filter>
    </None>
    <None Include="..\..\src\cryptopp\x64dll.asm">
      <Filter>cryptopp</Filter>
    </None>
    <None Include="..\..\src\cryptopp\x64masm.asm">
      <Filter>cryptopp</Filter>
    </None>
    <None Include="..\..\src\cryptopp\GNUmakefile.bak">
      <Filter>cryptopp</Filter>
    </None>
    <None Include="..\..\src\cryptopp\config.compat">
      <Filter>cryptopp</Filter>
    </None>
    <None Include="..\..\src\cryptopp\GNUmakefile">
      <Filter>cryptopp</Filter>
    </None>
    <None Include="..\..\src\cryptopp\GNUmakefile-cross">
      <Filter>cryptopp</Filter>
    </None>
    <None Include="..\..\src\cryptopp\adhoc.cpp.proto">
      <Filter>cryptopp</Filter>
    </None>
    <None Include="..\..\src\cryptopp\rdrand-nasm.sh">
      <Filter>cryptopp</Filter>
    </None>
    <None Include="..\..\src\cryptopp\rdrand-masm.cmd">
      <Filter>cryptopp</Filter>
    </None>
    <None Include="..\..\GNUmakefile" />
  </ItemGroup>
  <ItemGroup>
    <ClInclude Include="..\..\src\cryptopp\3way.h">
      <Filter>cryptopp</Filter>
    </ClInclude>
    <ClInclude Include="..\..\src\cryptopp\adler32.h">
      <Filter>cryptopp</Filter>
    </ClInclude>
    <ClInclude Include="..\..\src\cryptopp\aes.h">
      <Filter>cryptopp</Filter>
    </ClInclude>
    <ClInclude Include="..\..\src\cryptopp\algebra.h">
      <Filter>cryptopp</Filter>
    </ClInclude>
    <ClInclude Include="..\..\src\cryptopp\algparam.h">
      <Filter>cryptopp</Filter>
    </ClInclude>
    <ClInclude Include="..\..\src\cryptopp\arc4.h">
      <Filter>cryptopp</Filter>
    </ClInclude>
    <ClInclude Include="..\..\src\cryptopp\argnames.h">
      <Filter>cryptopp</Filter>
    </ClInclude>
    <ClInclude Include="..\..\src\cryptopp\asn.h">
      <Filter>cryptopp</Filter>
    </ClInclude>
    <ClInclude Include="..\..\src\cryptopp\authenc.h">
      <Filter>cryptopp</Filter>
    </ClInclude>
    <ClInclude Include="..\..\src\cryptopp\base32.h">
      <Filter>cryptopp</Filter>
    </ClInclude>
    <ClInclude Include="..\..\src\cryptopp\base64.h">
      <Filter>cryptopp</Filter>
    </ClInclude>
    <ClInclude Include="..\..\src\cryptopp\basecode.h">
      <Filter>cryptopp</Filter>
    </ClInclude>
    <ClInclude Include="..\..\src\cryptopp\bench.h">
      <Filter>cryptopp</Filter>
    </ClInclude>
    <ClInclude Include="..\..\src\cryptopp\blake2.h">
      <Filter>cryptopp</Filter>
    </ClInclude>
    <ClInclude Include="..\..\src\cryptopp\blowfish.h">
      <Filter>cryptopp</Filter>
    </ClInclude>
    <ClInclude Include="..\..\src\cryptopp\blumshub.h">
      <Filter>cryptopp</Filter>
    </ClInclude>
    <ClInclude Include="..\..\src\cryptopp\camellia.h">
      <Filter>cryptopp</Filter>
    </ClInclude>
    <ClInclude Include="..\..\src\cryptopp\cast.h">
      <Filter>cryptopp</Filter>
    </ClInclude>
    <ClInclude Include="..\..\src\cryptopp\cbcmac.h">
      <Filter>cryptopp</Filter>
    </ClInclude>
    <ClInclude Include="..\..\src\cryptopp\ccm.h">
      <Filter>cryptopp</Filter>
    </ClInclude>
    <ClInclude Include="..\..\src\cryptopp\chacha.h">
      <Filter>cryptopp</Filter>
    </ClInclude>
    <ClInclude Include="..\..\src\cryptopp\channels.h">
      <Filter>cryptopp</Filter>
    </ClInclude>
    <ClInclude Include="..\..\src\cryptopp\cmac.h">
      <Filter>cryptopp</Filter>
    </ClInclude>
    <ClInclude Include="..\..\src\cryptopp\config.h">
      <Filter>cryptopp</Filter>
    </ClInclude>
    <ClInclude Include="..\..\src\cryptopp\cpu.h">
      <Filter>cryptopp</Filter>
    </ClInclude>
    <ClInclude Include="..\..\src\cryptopp\crc.h">
      <Filter>cryptopp</Filter>
    </ClInclude>
    <ClInclude Include="..\..\src\cryptopp\cryptlib.h">
      <Filter>cryptopp</Filter>
    </ClInclude>
    <ClInclude Include="..\..\src\cryptopp\default.h">
      <Filter>cryptopp</Filter>
    </ClInclude>
    <ClInclude Include="..\..\src\cryptopp\des.h">
      <Filter>cryptopp</Filter>
    </ClInclude>
    <ClInclude Include="..\..\src\cryptopp\dh.h">
      <Filter>cryptopp</Filter>
    </ClInclude>
    <ClInclude Include="..\..\src\cryptopp\dh2.h">
      <Filter>cryptopp</Filter>
    </ClInclude>
    <ClInclude Include="..\..\src\cryptopp\dll.h">
      <Filter>cryptopp</Filter>
    </ClInclude>
    <ClInclude Include="..\..\src\cryptopp\dmac.h">
      <Filter>cryptopp</Filter>
    </ClInclude>
    <ClInclude Include="..\..\src\cryptopp\dsa.h">
      <Filter>cryptopp</Filter>
    </ClInclude>
    <ClInclude Include="..\..\src\cryptopp\eax.h">
      <Filter>cryptopp</Filter>
    </ClInclude>
    <ClInclude Include="..\..\src\cryptopp\ec2n.h">
      <Filter>cryptopp</Filter>
    </ClInclude>
    <ClInclude Include="..\..\src\cryptopp\eccrypto.h">
      <Filter>cryptopp</Filter>
    </ClInclude>
    <ClInclude Include="..\..\src\cryptopp\ecp.h">
      <Filter>cryptopp</Filter>
    </ClInclude>
    <ClInclude Include="..\..\src\cryptopp\elgamal.h">
      <Filter>cryptopp</Filter>
    </ClInclude>
    <ClInclude Include="..\..\src\cryptopp\emsa2.h">
      <Filter>cryptopp</Filter>
    </ClInclude>
    <ClInclude Include="..\..\src\cryptopp\eprecomp.h">
      <Filter>cryptopp</Filter>
    </ClInclude>
    <ClInclude Include="..\..\src\cryptopp\esign.h">
      <Filter>cryptopp</Filter>
    </ClInclude>
    <ClInclude Include="..\..\src\cryptopp\factory.h">
      <Filter>cryptopp</Filter>
    </ClInclude>
    <ClInclude Include="..\..\src\cryptopp\fhmqv.h">
      <Filter>cryptopp</Filter>
    </ClInclude>
    <ClInclude Include="..\..\src\cryptopp\files.h">
      <Filter>cryptopp</Filter>
    </ClInclude>
    <ClInclude Include="..\..\src\cryptopp\filters.h">
      <Filter>cryptopp</Filter>
    </ClInclude>
    <ClInclude Include="..\..\src\cryptopp\fips140.h">
      <Filter>cryptopp</Filter>
    </ClInclude>
    <ClInclude Include="..\..\src\cryptopp\fltrimpl.h">
      <Filter>cryptopp</Filter>
    </ClInclude>
    <ClInclude Include="..\..\src\cryptopp\gcm.h">
      <Filter>cryptopp</Filter>
    </ClInclude>
    <ClInclude Include="..\..\src\cryptopp\gf2_32.h">
      <Filter>cryptopp</Filter>
    </ClInclude>
    <ClInclude Include="..\..\src\cryptopp\gf2n.h">
      <Filter>cryptopp</Filter>
    </ClInclude>
    <ClInclude Include="..\..\src\cryptopp\gf256.h">
      <Filter>cryptopp</Filter>
    </ClInclude>
    <ClInclude Include="..\..\src\cryptopp\gfpcrypt.h">
      <Filter>cryptopp</Filter>
    </ClInclude>
    <ClInclude Include="..\..\src\cryptopp\gost.h">
      <Filter>cryptopp</Filter>
    </ClInclude>
    <ClInclude Include="..\..\src\cryptopp\gzip.h">
      <Filter>cryptopp</Filter>
    </ClInclude>
    <ClInclude Include="..\..\src\cryptopp\hex.h">
      <Filter>cryptopp</Filter>
    </ClInclude>
    <ClInclude Include="..\..\src\cryptopp\hkdf.h">
      <Filter>cryptopp</Filter>
    </ClInclude>
    <ClInclude Include="..\..\src\cryptopp\hmac.h">
      <Filter>cryptopp</Filter>
    </ClInclude>
    <ClInclude Include="..\..\src\cryptopp\hmqv.h">
      <Filter>cryptopp</Filter>
    </ClInclude>
    <ClInclude Include="..\..\src\cryptopp\hrtimer.h">
      <Filter>cryptopp</Filter>
    </ClInclude>
    <ClInclude Include="..\..\src\cryptopp\ida.h">
      <Filter>cryptopp</Filter>
    </ClInclude>
    <ClInclude Include="..\..\src\cryptopp\idea.h">
      <Filter>cryptopp</Filter>
    </ClInclude>
    <ClInclude Include="..\..\src\cryptopp\integer.h">
      <Filter>cryptopp</Filter>
    </ClInclude>
    <ClInclude Include="..\..\src\cryptopp\iterhash.h">
      <Filter>cryptopp</Filter>
    </ClInclude>
    <ClInclude Include="..\..\src\cryptopp\keccak.h">
      <Filter>cryptopp</Filter>
    </ClInclude>
    <ClInclude Include="..\..\src\cryptopp\lubyrack.h">
      <Filter>cryptopp</Filter>
    </ClInclude>
    <ClInclude Include="..\..\src\cryptopp\luc.h">
      <Filter>cryptopp</Filter>
    </ClInclude>
    <ClInclude Include="..\..\src\cryptopp\mars.h">
      <Filter>cryptopp</Filter>
    </ClInclude>
    <ClInclude Include="..\..\src\cryptopp\md2.h">
      <Filter>cryptopp</Filter>
    </ClInclude>
    <ClInclude Include="..\..\src\cryptopp\md4.h">
      <Filter>cryptopp</Filter>
    </ClInclude>
    <ClInclude Include="..\..\src\cryptopp\md5.h">
      <Filter>cryptopp</Filter>
    </ClInclude>
    <ClInclude Include="..\..\src\cryptopp\mdc.h">
      <Filter>cryptopp</Filter>
    </ClInclude>
    <ClInclude Include="..\..\src\cryptopp\mersenne.h">
      <Filter>cryptopp</Filter>
    </ClInclude>
    <ClInclude Include="..\..\src\cryptopp\misc.h">
      <Filter>cryptopp</Filter>
    </ClInclude>
    <ClInclude Include="..\..\src\cryptopp\modarith.h">
      <Filter>cryptopp</Filter>
    </ClInclude>
    <ClInclude Include="..\..\src\cryptopp\modes.h">
      <Filter>cryptopp</Filter>
    </ClInclude>
    <ClInclude Include="..\..\src\cryptopp\modexppc.h">
      <Filter>cryptopp</Filter>
    </ClInclude>
    <ClInclude Include="..\..\src\cryptopp\mqueue.h">
      <Filter>cryptopp</Filter>
    </ClInclude>
    <ClInclude Include="..\..\src\cryptopp\mqv.h">
      <Filter>cryptopp</Filter>
    </ClInclude>
    <ClInclude Include="..\..\src\cryptopp\nbtheory.h">
      <Filter>cryptopp</Filter>
    </ClInclude>
    <ClInclude Include="..\..\src\cryptopp\network.h">
      <Filter>cryptopp</Filter>
    </ClInclude>
    <ClInclude Include="..\..\src\cryptopp\nr.h">
      <Filter>cryptopp</Filter>
    </ClInclude>
    <ClInclude Include="..\..\src\cryptopp\oaep.h">
      <Filter>cryptopp</Filter>
    </ClInclude>
    <ClInclude Include="..\..\src\cryptopp\oids.h">
      <Filter>cryptopp</Filter>
    </ClInclude>
    <ClInclude Include="..\..\src\cryptopp\osrng.h">
      <Filter>cryptopp</Filter>
    </ClInclude>
    <ClInclude Include="..\..\src\cryptopp\ossig.h">
      <Filter>cryptopp</Filter>
    </ClInclude>
    <ClInclude Include="..\..\src\cryptopp\panama.h">
      <Filter>cryptopp</Filter>
    </ClInclude>
    <ClInclude Include="..\..\src\cryptopp\pch.h">
      <Filter>cryptopp</Filter>
    </ClInclude>
    <ClInclude Include="..\..\src\cryptopp\pkcspad.h">
      <Filter>cryptopp</Filter>
    </ClInclude>
    <ClInclude Include="..\..\src\cryptopp\polynomi.h">
      <Filter>cryptopp</Filter>
    </ClInclude>
    <ClInclude Include="..\..\src\cryptopp\pssr.h">
      <Filter>cryptopp</Filter>
    </ClInclude>
    <ClInclude Include="..\..\src\cryptopp\pubkey.h">
      <Filter>cryptopp</Filter>
    </ClInclude>
    <ClInclude Include="..\..\src\cryptopp\pwdbased.h">
      <Filter>cryptopp</Filter>
    </ClInclude>
    <ClInclude Include="..\..\src\cryptopp\queue.h">
      <Filter>cryptopp</Filter>
    </ClInclude>
    <ClInclude Include="..\..\src\cryptopp\rabin.h">
      <Filter>cryptopp</Filter>
    </ClInclude>
    <ClInclude Include="..\..\src\cryptopp\randpool.h">
      <Filter>cryptopp</Filter>
    </ClInclude>
    <ClInclude Include="..\..\src\cryptopp\rc2.h">
      <Filter>cryptopp</Filter>
    </ClInclude>
    <ClInclude Include="..\..\src\cryptopp\rc5.h">
      <Filter>cryptopp</Filter>
    </ClInclude>
    <ClInclude Include="..\..\src\cryptopp\rc6.h">
      <Filter>cryptopp</Filter>
    </ClInclude>
    <ClInclude Include="..\..\src\cryptopp\rdrand.h">
      <Filter>cryptopp</Filter>
    </ClInclude>
    <ClInclude Include="..\..\src\cryptopp\resource.h">
      <Filter>cryptopp</Filter>
    </ClInclude>
    <ClInclude Include="..\..\src\cryptopp\rijndael.h">
      <Filter>cryptopp</Filter>
    </ClInclude>
    <ClInclude Include="..\..\src\cryptopp\ripemd.h">
      <Filter>cryptopp</Filter>
    </ClInclude>
    <ClInclude Include="..\..\src\cryptopp\rng.h">
      <Filter>cryptopp</Filter>
    </ClInclude>
    <ClInclude Include="..\..\src\cryptopp\rsa.h">
      <Filter>cryptopp</Filter>
    </ClInclude>
    <ClInclude Include="..\..\src\cryptopp\rw.h">
      <Filter>cryptopp</Filter>
    </ClInclude>
    <ClInclude Include="..\..\src\cryptopp\safer.h">
      <Filter>cryptopp</Filter>
    </ClInclude>
    <ClInclude Include="..\..\src\cryptopp\salsa.h">
      <Filter>cryptopp</Filter>
    </ClInclude>
    <ClInclude Include="..\..\src\cryptopp\seal.h">
      <Filter>cryptopp</Filter>
    </ClInclude>
    <ClInclude Include="..\..\src\cryptopp\secblock.h">
      <Filter>cryptopp</Filter>
    </ClInclude>
    <ClInclude Include="..\..\src\cryptopp\seckey.h">
      <Filter>cryptopp</Filter>
    </ClInclude>
    <ClInclude Include="..\..\src\cryptopp\seed.h">
      <Filter>cryptopp</Filter>
    </ClInclude>
    <ClInclude Include="..\..\src\cryptopp\serpent.h">
      <Filter>cryptopp</Filter>
    </ClInclude>
    <ClInclude Include="..\..\src\cryptopp\serpentp.h">
      <Filter>cryptopp</Filter>
    </ClInclude>
    <ClInclude Include="..\..\src\cryptopp\sha.h">
      <Filter>cryptopp</Filter>
    </ClInclude>
    <ClInclude Include="..\..\src\cryptopp\sha3.h">
      <Filter>cryptopp</Filter>
    </ClInclude>
    <ClInclude Include="..\..\src\cryptopp\shacal2.h">
      <Filter>cryptopp</Filter>
    </ClInclude>
    <ClInclude Include="..\..\src\cryptopp\shark.h">
      <Filter>cryptopp</Filter>
    </ClInclude>
    <ClInclude Include="..\..\src\cryptopp\simple.h">
      <Filter>cryptopp</Filter>
    </ClInclude>
    <ClInclude Include="..\..\src\cryptopp\skipjack.h">
      <Filter>cryptopp</Filter>
    </ClInclude>
    <ClInclude Include="..\..\src\cryptopp\smartptr.h">
      <Filter>cryptopp</Filter>
    </ClInclude>
    <ClInclude Include="..\..\src\cryptopp\socketft.h">
      <Filter>cryptopp</Filter>
    </ClInclude>
    <ClInclude Include="..\..\src\cryptopp\sosemanuk.h">
      <Filter>cryptopp</Filter>
    </ClInclude>
    <ClInclude Include="..\..\src\cryptopp\square.h">
      <Filter>cryptopp</Filter>
    </ClInclude>
    <ClInclude Include="..\..\src\cryptopp\stdcpp.h">
      <Filter>cryptopp</Filter>
    </ClInclude>
    <ClInclude Include="..\..\src\cryptopp\strciphr.h">
      <Filter>cryptopp</Filter>
    </ClInclude>
    <ClInclude Include="..\..\src\cryptopp\tea.h">
      <Filter>cryptopp</Filter>
    </ClInclude>
    <ClInclude Include="..\..\src\cryptopp\tiger.h">
      <Filter>cryptopp</Filter>
    </ClInclude>
    <ClInclude Include="..\..\src\cryptopp\trap.h">
      <Filter>cryptopp</Filter>
    </ClInclude>
    <ClInclude Include="..\..\src\cryptopp\trdlocal.h">
      <Filter>cryptopp</Filter>
    </ClInclude>
    <ClInclude Include="..\..\src\cryptopp\trunhash.h">
      <Filter>cryptopp</Filter>
    </ClInclude>
    <ClInclude Include="..\..\src\cryptopp\ttmac.h">
      <Filter>cryptopp</Filter>
    </ClInclude>
    <ClInclude Include="..\..\src\cryptopp\twofish.h">
      <Filter>cryptopp</Filter>
    </ClInclude>
    <ClInclude Include="..\..\src\cryptopp\validate.h">
      <Filter>cryptopp</Filter>
    </ClInclude>
    <ClInclude Include="..\..\src\cryptopp\vmac.h">
      <Filter>cryptopp</Filter>
    </ClInclude>
    <ClInclude Include="..\..\src\cryptopp\wait.h">
      <Filter>cryptopp</Filter>
    </ClInclude>
    <ClInclude Include="..\..\src\cryptopp\wake.h">
      <Filter>cryptopp</Filter>
    </ClInclude>
    <ClInclude Include="..\..\src\cryptopp\whrlpool.h">
      <Filter>cryptopp</Filter>
    </ClInclude>
    <ClInclude Include="..\..\src\cryptopp\winpipes.h">
      <Filter>cryptopp</Filter>
    </ClInclude>
    <ClInclude Include="..\..\src\cryptopp\words.h">
      <Filter>cryptopp</Filter>
    </ClInclude>
    <ClInclude Include="..\..\src\cryptopp\xtr.h">
      <Filter>cryptopp</Filter>
    </ClInclude>
    <ClInclude Include="..\..\src\cryptopp\xtrcrypt.h">
      <Filter>cryptopp</Filter>
    </ClInclude>
    <ClInclude Include="..\..\src\cryptopp\zdeflate.h">
      <Filter>cryptopp</Filter>
    </ClInclude>
    <ClInclude Include="..\..\src\cryptopp\zinflate.h">
      <Filter>cryptopp</Filter>
    </ClInclude>
    <ClInclude Include="..\..\src\cryptopp\zlib.h">
      <Filter>cryptopp</Filter>
    </ClInclude>
    <ClInclude Include="..\..\src\bcrypt\crypt_blowfish.h">
      <Filter>Headerdateien\bcrypt</Filter>
    </ClInclude>
    <ClInclude Include="..\..\src\cli11\CLI11.hpp">
      <Filter>Headerdateien\cli11</Filter>
    </ClInclude>
    <ClInclude Include="..\..\src\keccak\brg_endian.h">
      <Filter>Headerdateien\keccak</Filter>
    </ClInclude>
    <ClInclude Include="..\..\src\keccak\KeccakF-1600-interface.h">
      <Filter>Headerdateien\keccak</Filter>
    </ClInclude>
    <ClInclude Include="..\..\src\keccak\KeccakHash.h">
      <Filter>Headerdateien\keccak</Filter>
    </ClInclude>
    <ClInclude Include="..\..\src\keccak\KeccakSponge.h">
      <Filter>Headerdateien\keccak</Filter>
    </ClInclude>
    <ClInclude Include="..\..\src\tinyxml2\tinyxml2.h">
      <Filter>Headerdateien\tinyxml2</Filter>
    </ClInclude>
    <ClInclude Include="..\..\src\clihelp.h">
      <Filter>Headerdateien</Filter>
    </ClInclude>
    <ClInclude Include="..\..\src\crypt.h">
      <Filter>Headerdateien</Filter>
    </ClInclude>
    <ClInclude Include="..\..\src\cryptheader.h">
      <Filter>Headerdateien</Filter>
    </ClInclude>
    <ClInclude Include="..\..\src\exception.h">
      <Filter>Headerdateien</Filter>
    </ClInclude>
    <ClInclude Include="..\..\src\mdef.h">
      <Filter>Headerdateien</Filter>
    </ClInclude>
    <ClInclude Include="..\..\src\scrypt\config.h">
      <Filter>Headerdateien\scrypt</Filter>
    </ClInclude>
    <ClInclude Include="..\..\src\scrypt\crypto_scrypt.h">
      <Filter>Headerdateien\scrypt</Filter>
    </ClInclude>
    <ClInclude Include="..\..\src\scrypt\crypto_scrypt_smix.h">
      <Filter>Headerdateien\scrypt</Filter>
    </ClInclude>
    <ClInclude Include="..\..\src\scrypt\crypto_scrypt_smix_sse2.h">
      <Filter>Headerdateien\scrypt</Filter>
    </ClInclude>
    <ClInclude Include="..\..\src\scrypt\insecure_memzero.h">
      <Filter>Headerdateien\scrypt</Filter>
    </ClInclude>
    <ClInclude Include="..\..\src\scrypt\sha256.h">
      <Filter>Headerdateien\scrypt</Filter>
    </ClInclude>
    <ClInclude Include="..\..\src\scrypt\sysendian.h">
      <Filter>Headerdateien\scrypt</Filter>
    </ClInclude>
    <ClInclude Include="..\..\src\scrypt\warnp.h">
      <Filter>Headerdateien\scrypt</Filter>
    </ClInclude>
    <ClInclude Include="..\..\src\scrypt\cpusupport.h">
      <Filter>Headerdateien\scrypt</Filter>
    </ClInclude>
  </ItemGroup>
  <ItemGroup>
    <ClCompile Include="..\..\src\cryptopp\3way.cpp">
      <Filter>cryptopp</Filter>
    </ClCompile>
    <ClCompile Include="..\..\src\cryptopp\adhoc.cpp">
      <Filter>cryptopp</Filter>
    </ClCompile>
    <ClCompile Include="..\..\src\cryptopp\adler32.cpp">
      <Filter>cryptopp</Filter>
    </ClCompile>
    <ClCompile Include="..\..\src\cryptopp\algebra.cpp">
      <Filter>cryptopp</Filter>
    </ClCompile>
    <ClCompile Include="..\..\src\cryptopp\algparam.cpp">
      <Filter>cryptopp</Filter>
    </ClCompile>
    <ClCompile Include="..\..\src\cryptopp\arc4.cpp">
      <Filter>cryptopp</Filter>
    </ClCompile>
    <ClCompile Include="..\..\src\cryptopp\asn.cpp">
      <Filter>cryptopp</Filter>
    </ClCompile>
    <ClCompile Include="..\..\src\cryptopp\authenc.cpp">
      <Filter>cryptopp</Filter>
    </ClCompile>
    <ClCompile Include="..\..\src\cryptopp\base32.cpp">
      <Filter>cryptopp</Filter>
    </ClCompile>
    <ClCompile Include="..\..\src\cryptopp\base64.cpp">
      <Filter>cryptopp</Filter>
    </ClCompile>
    <ClCompile Include="..\..\src\cryptopp\basecode.cpp">
      <Filter>cryptopp</Filter>
    </ClCompile>
    <ClCompile Include="..\..\src\cryptopp\bench1.cpp">
      <Filter>cryptopp</Filter>
    </ClCompile>
    <ClCompile Include="..\..\src\cryptopp\bench2.cpp">
      <Filter>cryptopp</Filter>
    </ClCompile>
    <ClCompile Include="..\..\src\cryptopp\bfinit.cpp">
      <Filter>cryptopp</Filter>
    </ClCompile>
    <ClCompile Include="..\..\src\cryptopp\blake2.cpp">
      <Filter>cryptopp</Filter>
    </ClCompile>
    <ClCompile Include="..\..\src\cryptopp\blowfish.cpp">
      <Filter>cryptopp</Filter>
    </ClCompile>
    <ClCompile Include="..\..\src\cryptopp\blumshub.cpp">
      <Filter>cryptopp</Filter>
    </ClCompile>
    <ClCompile Include="..\..\src\cryptopp\camellia.cpp">
      <Filter>cryptopp</Filter>
    </ClCompile>
    <ClCompile Include="..\..\src\cryptopp\cast.cpp">
      <Filter>cryptopp</Filter>
    </ClCompile>
    <ClCompile Include="..\..\src\cryptopp\casts.cpp">
      <Filter>cryptopp</Filter>
    </ClCompile>
    <ClCompile Include="..\..\src\cryptopp\cbcmac.cpp">
      <Filter>cryptopp</Filter>
    </ClCompile>
    <ClCompile Include="..\..\src\cryptopp\ccm.cpp">
      <Filter>cryptopp</Filter>
    </ClCompile>
    <ClCompile Include="..\..\src\cryptopp\chacha.cpp">
      <Filter>cryptopp</Filter>
    </ClCompile>
    <ClCompile Include="..\..\src\cryptopp\channels.cpp">
      <Filter>cryptopp</Filter>
    </ClCompile>
    <ClCompile Include="..\..\src\cryptopp\cmac.cpp">
      <Filter>cryptopp</Filter>
    </ClCompile>
    <ClCompile Include="..\..\src\cryptopp\cpu.cpp">
      <Filter>cryptopp</Filter>
    </ClCompile>
    <ClCompile Include="..\..\src\cryptopp\crc.cpp">
      <Filter>cryptopp</Filter>
    </ClCompile>
    <ClCompile Include="..\..\src\cryptopp\cryptlib.cpp">
      <Filter>cryptopp</Filter>
    </ClCompile>
    <ClCompile Include="..\..\src\cryptopp\datatest.cpp">
      <Filter>cryptopp</Filter>
    </ClCompile>
    <ClCompile Include="..\..\src\cryptopp\default.cpp">
      <Filter>cryptopp</Filter>
    </ClCompile>
    <ClCompile Include="..\..\src\cryptopp\des.cpp">
      <Filter>cryptopp</Filter>
    </ClCompile>
    <ClCompile Include="..\..\src\cryptopp\dessp.cpp">
      <Filter>cryptopp</Filter>
    </ClCompile>
    <ClCompile Include="..\..\src\cryptopp\dh.cpp">
      <Filter>cryptopp</Filter>
    </ClCompile>
    <ClCompile Include="..\..\src\cryptopp\dh2.cpp">
      <Filter>cryptopp</Filter>
    </ClCompile>
    <ClCompile Include="..\..\src\cryptopp\dll.cpp">
      <Filter>cryptopp</Filter>
    </ClCompile>
    <ClCompile Include="..\..\src\cryptopp\dlltest.cpp">
      <Filter>cryptopp</Filter>
    </ClCompile>
    <ClCompile Include="..\..\src\cryptopp\dsa.cpp">
      <Filter>cryptopp</Filter>
    </ClCompile>
    <ClCompile Include="..\..\src\cryptopp\eax.cpp">
      <Filter>cryptopp</Filter>
    </ClCompile>
    <ClCompile Include="..\..\src\cryptopp\ec2n.cpp">
      <Filter>cryptopp</Filter>
    </ClCompile>
    <ClCompile Include="..\..\src\cryptopp\eccrypto.cpp">
      <Filter>cryptopp</Filter>
    </ClCompile>
    <ClCompile Include="..\..\src\cryptopp\ecp.cpp">
      <Filter>cryptopp</Filter>
    </ClCompile>
    <ClCompile Include="..\..\src\cryptopp\elgamal.cpp">
      <Filter>cryptopp</Filter>
    </ClCompile>
    <ClCompile Include="..\..\src\cryptopp\emsa2.cpp">
      <Filter>cryptopp</Filter>
    </ClCompile>
    <ClCompile Include="..\..\src\cryptopp\eprecomp.cpp">
      <Filter>cryptopp</Filter>
    </ClCompile>
    <ClCompile Include="..\..\src\cryptopp\esign.cpp">
      <Filter>cryptopp</Filter>
    </ClCompile>
    <ClCompile Include="..\..\src\cryptopp\files.cpp">
      <Filter>cryptopp</Filter>
    </ClCompile>
    <ClCompile Include="..\..\src\cryptopp\filters.cpp">
      <Filter>cryptopp</Filter>
    </ClCompile>
    <ClCompile Include="..\..\src\cryptopp\fips140.cpp">
      <Filter>cryptopp</Filter>
    </ClCompile>
    <ClCompile Include="..\..\src\cryptopp\fipsalgt.cpp">
      <Filter>cryptopp</Filter>
    </ClCompile>
    <ClCompile Include="..\..\src\cryptopp\fipstest.cpp">
      <Filter>cryptopp</Filter>
    </ClCompile>
    <ClCompile Include="..\..\src\cryptopp\gcm.cpp">
      <Filter>cryptopp</Filter>
    </ClCompile>
    <ClCompile Include="..\..\src\cryptopp\gf2_32.cpp">
      <Filter>cryptopp</Filter>
    </ClCompile>
    <ClCompile Include="..\..\src\cryptopp\gf2n.cpp">
      <Filter>cryptopp</Filter>
    </ClCompile>
    <ClCompile Include="..\..\src\cryptopp\gf256.cpp">
      <Filter>cryptopp</Filter>
    </ClCompile>
    <ClCompile Include="..\..\src\cryptopp\gfpcrypt.cpp">
      <Filter>cryptopp</Filter>
    </ClCompile>
    <ClCompile Include="..\..\src\cryptopp\gost.cpp">
      <Filter>cryptopp</Filter>
    </ClCompile>
    <ClCompile Include="..\..\src\cryptopp\gzip.cpp">
      <Filter>cryptopp</Filter>
    </ClCompile>
    <ClCompile Include="..\..\src\cryptopp\hex.cpp">
      <Filter>cryptopp</Filter>
    </ClCompile>
    <ClCompile Include="..\..\src\cryptopp\hmac.cpp">
      <Filter>cryptopp</Filter>
    </ClCompile>
    <ClCompile Include="..\..\src\cryptopp\hrtimer.cpp">
      <Filter>cryptopp</Filter>
    </ClCompile>
    <ClCompile Include="..\..\src\cryptopp\ida.cpp">
      <Filter>cryptopp</Filter>
    </ClCompile>
    <ClCompile Include="..\..\src\cryptopp\idea.cpp">
      <Filter>cryptopp</Filter>
    </ClCompile>
    <ClCompile Include="..\..\src\cryptopp\integer.cpp">
      <Filter>cryptopp</Filter>
    </ClCompile>
    <ClCompile Include="..\..\src\cryptopp\iterhash.cpp">
      <Filter>cryptopp</Filter>
    </ClCompile>
    <ClCompile Include="..\..\src\cryptopp\keccak.cpp">
      <Filter>cryptopp</Filter>
    </ClCompile>
    <ClCompile Include="..\..\src\cryptopp\luc.cpp">
      <Filter>cryptopp</Filter>
    </ClCompile>
    <ClCompile Include="..\..\src\cryptopp\mars.cpp">
      <Filter>cryptopp</Filter>
    </ClCompile>
    <ClCompile Include="..\..\src\cryptopp\marss.cpp">
      <Filter>cryptopp</Filter>
    </ClCompile>
    <ClCompile Include="..\..\src\cryptopp\md2.cpp">
      <Filter>cryptopp</Filter>
    </ClCompile>
    <ClCompile Include="..\..\src\cryptopp\md4.cpp">
      <Filter>cryptopp</Filter>
    </ClCompile>
    <ClCompile Include="..\..\src\cryptopp\md5.cpp">
      <Filter>cryptopp</Filter>
    </ClCompile>
    <ClCompile Include="..\..\src\cryptopp\misc.cpp">
      <Filter>cryptopp</Filter>
    </ClCompile>
    <ClCompile Include="..\..\src\cryptopp\modes.cpp">
      <Filter>cryptopp</Filter>
    </ClCompile>
    <ClCompile Include="..\..\src\cryptopp\mqueue.cpp">
      <Filter>cryptopp</Filter>
    </ClCompile>
    <ClCompile Include="..\..\src\cryptopp\mqv.cpp">
      <Filter>cryptopp</Filter>
    </ClCompile>
    <ClCompile Include="..\..\src\cryptopp\nbtheory.cpp">
      <Filter>cryptopp</Filter>
    </ClCompile>
    <ClCompile Include="..\..\src\cryptopp\network.cpp">
      <Filter>cryptopp</Filter>
    </ClCompile>
    <ClCompile Include="..\..\src\cryptopp\oaep.cpp">
      <Filter>cryptopp</Filter>
    </ClCompile>
    <ClCompile Include="..\..\src\cryptopp\osrng.cpp">
      <Filter>cryptopp</Filter>
    </ClCompile>
    <ClCompile Include="..\..\src\cryptopp\panama.cpp">
      <Filter>cryptopp</Filter>
    </ClCompile>
    <ClCompile Include="..\..\src\cryptopp\pch.cpp">
      <Filter>cryptopp</Filter>
    </ClCompile>
    <ClCompile Include="..\..\src\cryptopp\pkcspad.cpp">
      <Filter>cryptopp</Filter>
    </ClCompile>
    <ClCompile Include="..\..\src\cryptopp\polynomi.cpp">
      <Filter>cryptopp</Filter>
    </ClCompile>
    <ClCompile Include="..\..\src\cryptopp\pssr.cpp">
      <Filter>cryptopp</Filter>
    </ClCompile>
    <ClCompile Include="..\..\src\cryptopp\pubkey.cpp">
      <Filter>cryptopp</Filter>
    </ClCompile>
    <ClCompile Include="..\..\src\cryptopp\queue.cpp">
      <Filter>cryptopp</Filter>
    </ClCompile>
    <ClCompile Include="..\..\src\cryptopp\rabin.cpp">
      <Filter>cryptopp</Filter>
    </ClCompile>
    <ClCompile Include="..\..\src\cryptopp\randpool.cpp">
      <Filter>cryptopp</Filter>
    </ClCompile>
    <ClCompile Include="..\..\src\cryptopp\rc2.cpp">
      <Filter>cryptopp</Filter>
    </ClCompile>
    <ClCompile Include="..\..\src\cryptopp\rc5.cpp">
      <Filter>cryptopp</Filter>
    </ClCompile>
    <ClCompile Include="..\..\src\cryptopp\rc6.cpp">
      <Filter>cryptopp</Filter>
    </ClCompile>
    <ClCompile Include="..\..\src\cryptopp\rdrand.cpp">
      <Filter>cryptopp</Filter>
    </ClCompile>
    <ClCompile Include="..\..\src\cryptopp\rdtables.cpp">
      <Filter>cryptopp</Filter>
    </ClCompile>
    <ClCompile Include="..\..\src\cryptopp\regtest.cpp">
      <Filter>cryptopp</Filter>
    </ClCompile>
    <ClCompile Include="..\..\src\cryptopp\rijndael.cpp">
      <Filter>cryptopp</Filter>
    </ClCompile>
    <ClCompile Include="..\..\src\cryptopp\ripemd.cpp">
      <Filter>cryptopp</Filter>
    </ClCompile>
    <ClCompile Include="..\..\src\cryptopp\rng.cpp">
      <Filter>cryptopp</Filter>
    </ClCompile>
    <ClCompile Include="..\..\src\cryptopp\rsa.cpp">
      <Filter>cryptopp</Filter>
    </ClCompile>
    <ClCompile Include="..\..\src\cryptopp\rw.cpp">
      <Filter>cryptopp</Filter>
    </ClCompile>
    <ClCompile Include="..\..\src\cryptopp\safer.cpp">
      <Filter>cryptopp</Filter>
    </ClCompile>
    <ClCompile Include="..\..\src\cryptopp\salsa.cpp">
      <Filter>cryptopp</Filter>
    </ClCompile>
    <ClCompile Include="..\..\src\cryptopp\seal.cpp">
      <Filter>cryptopp</Filter>
    </ClCompile>
    <ClCompile Include="..\..\src\cryptopp\seed.cpp">
      <Filter>cryptopp</Filter>
    </ClCompile>
    <ClCompile Include="..\..\src\cryptopp\serpent.cpp">
      <Filter>cryptopp</Filter>
    </ClCompile>
    <ClCompile Include="..\..\src\cryptopp\sha.cpp">
      <Filter>cryptopp</Filter>
    </ClCompile>
    <ClCompile Include="..\..\src\cryptopp\sha3.cpp">
      <Filter>cryptopp</Filter>
    </ClCompile>
    <ClCompile Include="..\..\src\cryptopp\shacal2.cpp">
      <Filter>cryptopp</Filter>
    </ClCompile>
    <ClCompile Include="..\..\src\cryptopp\shark.cpp">
      <Filter>cryptopp</Filter>
    </ClCompile>
    <ClCompile Include="..\..\src\cryptopp\sharkbox.cpp">
      <Filter>cryptopp</Filter>
    </ClCompile>
    <ClCompile Include="..\..\src\cryptopp\simple.cpp">
      <Filter>cryptopp</Filter>
    </ClCompile>
    <ClCompile Include="..\..\src\cryptopp\skipjack.cpp">
      <Filter>cryptopp</Filter>
    </ClCompile>
    <ClCompile Include="..\..\src\cryptopp\socketft.cpp">
      <Filter>cryptopp</Filter>
    </ClCompile>
    <ClCompile Include="..\..\src\cryptopp\sosemanuk.cpp">
      <Filter>cryptopp</Filter>
    </ClCompile>
    <ClCompile Include="..\..\src\cryptopp\square.cpp">
      <Filter>cryptopp</Filter>
    </ClCompile>
    <ClCompile Include="..\..\src\cryptopp\squaretb.cpp">
      <Filter>cryptopp</Filter>
    </ClCompile>
    <ClCompile Include="..\..\src\cryptopp\strciphr.cpp">
      <Filter>cryptopp</Filter>
    </ClCompile>
    <ClCompile Include="..\..\src\cryptopp\tea.cpp">
      <Filter>cryptopp</Filter>
    </ClCompile>
    <ClCompile Include="..\..\src\cryptopp\test.cpp">
      <Filter>cryptopp</Filter>
    </ClCompile>
    <ClCompile Include="..\..\src\cryptopp\tftables.cpp">
      <Filter>cryptopp</Filter>
    </ClCompile>
    <ClCompile Include="..\..\src\cryptopp\tiger.cpp">
      <Filter>cryptopp</Filter>
    </ClCompile>
    <ClCompile Include="..\..\src\cryptopp\tigertab.cpp">
      <Filter>cryptopp</Filter>
    </ClCompile>
    <ClCompile Include="..\..\src\cryptopp\trdlocal.cpp">
      <Filter>cryptopp</Filter>
    </ClCompile>
    <ClCompile Include="..\..\src\cryptopp\ttmac.cpp">
      <Filter>cryptopp</Filter>
    </ClCompile>
    <ClCompile Include="..\..\src\cryptopp\twofish.cpp">
      <Filter>cryptopp</Filter>
    </ClCompile>
    <ClCompile Include="..\..\src\cryptopp\validat1.cpp">
      <Filter>cryptopp</Filter>
    </ClCompile>
    <ClCompile Include="..\..\src\cryptopp\validat2.cpp">
      <Filter>cryptopp</Filter>
    </ClCompile>
    <ClCompile Include="..\..\src\cryptopp\validat3.cpp">
      <Filter>cryptopp</Filter>
    </ClCompile>
    <ClCompile Include="..\..\src\cryptopp\vmac.cpp">
      <Filter>cryptopp</Filter>
    </ClCompile>
    <ClCompile Include="..\..\src\cryptopp\wait.cpp">
      <Filter>cryptopp</Filter>
    </ClCompile>
    <ClCompile Include="..\..\src\cryptopp\wake.cpp">
      <Filter>cryptopp</Filter>
    </ClCompile>
    <ClCompile Include="..\..\src\cryptopp\whrlpool.cpp">
      <Filter>cryptopp</Filter>
    </ClCompile>
    <ClCompile Include="..\..\src\cryptopp\winpipes.cpp">
      <Filter>cryptopp</Filter>
    </ClCompile>
    <ClCompile Include="..\..\src\cryptopp\xtr.cpp">
      <Filter>cryptopp</Filter>
    </ClCompile>
    <ClCompile Include="..\..\src\cryptopp\xtrcrypt.cpp">
      <Filter>cryptopp</Filter>
    </ClCompile>
    <ClCompile Include="..\..\src\cryptopp\zdeflate.cpp">
      <Filter>cryptopp</Filter>
    </ClCompile>
    <ClCompile Include="..\..\src\cryptopp\zinflate.cpp">
      <Filter>cryptopp</Filter>
    </ClCompile>
    <ClCompile Include="..\..\src\cryptopp\zlib.cpp">
      <Filter>cryptopp</Filter>
    </ClCompile>
    <ClCompile Include="..\..\src\bcrypt\crypt_blowfish.cpp">
      <Filter>Quelldateien\bcrypt</Filter>
    </ClCompile>
    <ClCompile Include="..\..\src\keccak\KeccakF-1600-inplace32BI.cpp">
      <Filter>Quelldateien\keccak</Filter>
    </ClCompile>
    <ClCompile Include="..\..\src\keccak\KeccakHash.cpp">
      <Filter>Quelldateien\keccak</Filter>
    </ClCompile>
    <ClCompile Include="..\..\src\keccak\KeccakSponge.cpp">
      <Filter>Quelldateien\keccak</Filter>
    </ClCompile>
    <ClCompile Include="..\..\src\tinyxml2\tinyxml2.cpp">
      <Filter>Quelldateien\tinyxml2</Filter>
    </ClCompile>
    <ClCompile Include="..\..\src\clihelp.cpp">
      <Filter>Quelldateien</Filter>
    </ClCompile>
    <ClCompile Include="..\..\src\cmdline.cpp">
      <Filter>Quelldateien</Filter>
    </ClCompile>
    <ClCompile Include="..\..\src\cryptheader.cpp">
      <Filter>Quelldateien</Filter>
    </ClCompile>
    <ClCompile Include="..\..\src\exception.cpp">
      <Filter>Quelldateien</Filter>
    </ClCompile>
    <ClCompile Include="..\..\src\crypt.cpp">
      <Filter>Quelldateien</Filter>
    </ClCompile>
    <ClCompile Include="..\..\src\scrypt\cpusupport_x86_aesni.c">
      <Filter>Quelldateien\scrypt</Filter>
    </ClCompile>
    <ClCompile Include="..\..\src\scrypt\cpusupport_x86_sse2.c">
      <Filter>Quelldateien\scrypt</Filter>
    </ClCompile>
    <ClCompile Include="..\..\src\scrypt\crypto_scrypt.c">
      <Filter>Quelldateien\scrypt</Filter>
    </ClCompile>
    <ClCompile Include="..\..\src\scrypt\crypto_scrypt_smix.c">
      <Filter>Quelldateien\scrypt</Filter>
    </ClCompile>
    <ClCompile Include="..\..\src\scrypt\crypto_scrypt_smix_sse2.c">
      <Filter>Quelldateien\scrypt</Filter>
    </ClCompile>
    <ClCompile Include="..\..\src\scrypt\insecure_memzero.c">
      <Filter>Quelldateien\scrypt</Filter>
    </ClCompile>
    <ClCompile Include="..\..\src\scrypt\sha256.c">
      <Filter>Quelldateien\scrypt</Filter>
    </ClCompile>
    <ClCompile Include="..\..\src\scrypt\warnp.c">
      <Filter>Quelldateien\scrypt</Filter>
    </ClCompile>
  </ItemGroup>
  <ItemGroup>
    <ResourceCompile Include="..\..\src\cryptopp\cryptopp.rc">
      <Filter>cryptopp</Filter>
    </ResourceCompile>
  </ItemGroup>
</Project>